
Microsoft Visual Studio Solution File, Format Version 10.00
# Visual Studio 2008
Project("{FAE04EC0-301F-11D3-BF4B-00C04F79EFBC}") = "EasyFactor", "EasyFactor.csproj", "{3876B9CE-93F3-42D1-B12B-6BD0F39D4CCA}"
EndProject
Global
	GlobalSection(SolutionConfigurationPlatforms) = preSolution
		Debug|Any CPU = Debug|Any CPU
		Release|Any CPU = Release|Any CPU
	EndGlobalSection
	GlobalSection(ProjectConfigurationPlatforms) = postSolution
		{3876B9CE-93F3-42D1-B12B-6BD0F39D4CCA}.Debug|Any CPU.ActiveCfg = Debug|Any CPU
		{3876B9CE-93F3-42D1-B12B-6BD0F39D4CCA}.Debug|Any CPU.Build.0 = Debug|Any CPU
		{3876B9CE-93F3-42D1-B12B-6BD0F39D4CCA}.Release|Any CPU.ActiveCfg = Release|Any CPU
		{3876B9CE-93F3-42D1-B12B-6BD0F39D4CCA}.Release|Any CPU.Build.0 = Release|Any CPU
	EndGlobalSection
	GlobalSection(SolutionProperties) = preSolution
		HideSolutionNode = FALSE
	EndGlobalSection
EndGlobal
