
Microsoft Visual Studio Solution File, Format Version 10.00
# Visual Studio 2008
Project("{FAE04EC0-301F-11D3-BF4B-00C04F79EFBC}") = "EasyFactor", "EasyFactor.csproj", "{3876B9CE-93F3-42D1-B12B-6BD0F39D4CCA}"
EndProject
Project("{54435603-DBB4-11D2-8724-00A0C9A8B90C}") = "EasyFactor Beta", "..\EasyFactor Beta\EasyFactor Beta.vdproj", "{B28A39AA-6810-421E-8C37-5C97875D4FD0}"
EndProject
Project("{54435603-DBB4-11D2-8724-00A0C9A8B90C}") = "EasyFactor Alpha", "..\EasyFactor Alpha\EasyFactor Alpha.vdproj", "{8BC2A5FF-3EF4-4AC1-A8D7-8D7EE4F46B46}"
EndProject
Global
	GlobalSection(SolutionConfigurationPlatforms) = preSolution
		Debug|Any CPU = Debug|Any CPU
		Release|Any CPU = Release|Any CPU
	EndGlobalSection
	GlobalSection(ProjectConfigurationPlatforms) = postSolution
		{3876B9CE-93F3-42D1-B12B-6BD0F39D4CCA}.Debug|Any CPU.ActiveCfg = Debug|Any CPU
		{3876B9CE-93F3-42D1-B12B-6BD0F39D4CCA}.Debug|Any CPU.Build.0 = Debug|Any CPU
		{3876B9CE-93F3-42D1-B12B-6BD0F39D4CCA}.Release|Any CPU.ActiveCfg = Release|Any CPU
		{3876B9CE-93F3-42D1-B12B-6BD0F39D4CCA}.Release|Any CPU.Build.0 = Release|Any CPU
		{B28A39AA-6810-421E-8C37-5C97875D4FD0}.Debug|Any CPU.ActiveCfg = Release
		{B28A39AA-6810-421E-8C37-5C97875D4FD0}.Release|Any CPU.ActiveCfg = Release
		{8BC2A5FF-3EF4-4AC1-A8D7-8D7EE4F46B46}.Debug|Any CPU.ActiveCfg = Debug
		{8BC2A5FF-3EF4-4AC1-A8D7-8D7EE4F46B46}.Release|Any CPU.ActiveCfg = Release
		{8BC2A5FF-3EF4-4AC1-A8D7-8D7EE4F46B46}.Release|Any CPU.Build.0 = Release
	EndGlobalSection
	GlobalSection(SolutionProperties) = preSolution
		HideSolutionNode = FALSE
	EndGlobalSection
EndGlobal
