
Microsoft Visual Studio Solution File, Format Version 10.00
# Visual Studio 2008
Project("{FAE04EC0-301F-11D3-BF4B-00C04F79EFBC}") = "EasyFactor", "EasyFactor.csproj", "{3876B9CE-93F3-42D1-B12B-6BD0F39D4CCA}"
EndProject
Project("{54435603-DBB4-11D2-8724-00A0C9A8B90C}") = "EasyFactor Installer", "..\EasyFactor Installer\EasyFactor Installer.vdproj", "{4EF9CB95-773B-4C28-B1F6-08BED9C6797D}"
EndProject
Global
	GlobalSection(SolutionConfigurationPlatforms) = preSolution
		Debug|Any CPU = Debug|Any CPU
		Release|Any CPU = Release|Any CPU
	EndGlobalSection
	GlobalSection(ProjectConfigurationPlatforms) = postSolution
		{3876B9CE-93F3-42D1-B12B-6BD0F39D4CCA}.Debug|Any CPU.ActiveCfg = Debug|Any CPU
		{3876B9CE-93F3-42D1-B12B-6BD0F39D4CCA}.Debug|Any CPU.Build.0 = Debug|Any CPU
		{3876B9CE-93F3-42D1-B12B-6BD0F39D4CCA}.Release|Any CPU.ActiveCfg = Release|Any CPU
		{3876B9CE-93F3-42D1-B12B-6BD0F39D4CCA}.Release|Any CPU.Build.0 = Release|Any CPU
		{4EF9CB95-773B-4C28-B1F6-08BED9C6797D}.Debug|Any CPU.ActiveCfg = Debug
		{4EF9CB95-773B-4C28-B1F6-08BED9C6797D}.Release|Any CPU.ActiveCfg = Release
	EndGlobalSection
	GlobalSection(SolutionProperties) = preSolution
		HideSolutionNode = FALSE
	EndGlobalSection
EndGlobal
